// !$*UTF8*$!
{
	archiveVersion = 1;
	classes = {
	};
	objectVersion = 50;
	objects = {

/* Begin PBXBuildFile section */
		D15811A324AEC51D00B07C71 /* Endpoint.swift in Sources */ = {isa = PBXBuildFile; fileRef = D15811A224AEC51D00B07C71 /* Endpoint.swift */; };
		D15811A524AEC6E200B07C71 /* EndpointCardData.swift in Sources */ = {isa = PBXBuildFile; fileRef = D15811A424AEC6E200B07C71 /* EndpointCardData.swift */; };
		D15811A724AECB9400B07C71 /* Colors.xcassets in Resources */ = {isa = PBXBuildFile; fileRef = D15811A624AECB9400B07C71 /* Colors.xcassets */; };
		D15811AA24AED0D400B07C71 /* CoronaApiError.swift in Sources */ = {isa = PBXBuildFile; fileRef = D15811A924AED0D400B07C71 /* CoronaApiError.swift */; };
		D15811AC24AED13200B07C71 /* CoronaApiService.swift in Sources */ = {isa = PBXBuildFile; fileRef = D15811AB24AED13200B07C71 /* CoronaApiService.swift */; };
		D15811AE24AED1E300B07C71 /* CoronaEndpoint.swift in Sources */ = {isa = PBXBuildFile; fileRef = D15811AD24AED1E300B07C71 /* CoronaEndpoint.swift */; };
		D163E11524AD030500297AAF /* AppDelegate.swift in Sources */ = {isa = PBXBuildFile; fileRef = D163E11424AD030500297AAF /* AppDelegate.swift */; };
		D163E11724AD030500297AAF /* SceneDelegate.swift in Sources */ = {isa = PBXBuildFile; fileRef = D163E11624AD030500297AAF /* SceneDelegate.swift */; };
		D163E11924AD030600297AAF /* ContentView.swift in Sources */ = {isa = PBXBuildFile; fileRef = D163E11824AD030600297AAF /* ContentView.swift */; };
		D163E11B24AD032300297AAF /* Assets.xcassets in Resources */ = {isa = PBXBuildFile; fileRef = D163E11A24AD032300297AAF /* Assets.xcassets */; };
		D163E11E24AD032300297AAF /* Preview Assets.xcassets in Resources */ = {isa = PBXBuildFile; fileRef = D163E11D24AD032300297AAF /* Preview Assets.xcassets */; };
		D163E12124AD032300297AAF /* LaunchScreen.storyboard in Resources */ = {isa = PBXBuildFile; fileRef = D163E11F24AD032300297AAF /* LaunchScreen.storyboard */; };
		D166568D24AD7579009DC2BD /* EndpointCardView.swift in Sources */ = {isa = PBXBuildFile; fileRef = D166568C24AD7579009DC2BD /* EndpointCardView.swift */; };
		D166568F24AD83D9009DC2BD /* ListUpdatedTextView.swift in Sources */ = {isa = PBXBuildFile; fileRef = D166568E24AD83D8009DC2BD /* ListUpdatedTextView.swift */; };
		D166D8BA24B1726C000F0306 /* Date+Conversion.swift in Sources */ = {isa = PBXBuildFile; fileRef = D166D8B924B1726C000F0306 /* Date+Conversion.swift */; };
		D166D8BC24B181B2000F0306 /* ApiKeys.swift in Sources */ = {isa = PBXBuildFile; fileRef = D166D8BB24B181B2000F0306 /* ApiKeys.swift */; };
		D166D8BE24B20D35000F0306 /* BaseModel.swift in Sources */ = {isa = PBXBuildFile; fileRef = D166D8BD24B20D35000F0306 /* BaseModel.swift */; };
		D166D8C024B20E7A000F0306 /* AccessTokenModel.swift in Sources */ = {isa = PBXBuildFile; fileRef = D166D8BF24B20E7A000F0306 /* AccessTokenModel.swift */; };
		D17A2B3724B0157800EF0B26 /* CoronaRemoteDataRepository.swift in Sources */ = {isa = PBXBuildFile; fileRef = D17A2B3624B0157800EF0B26 /* CoronaRemoteDataRepository.swift */; };
		D17A2B3924B015F900EF0B26 /* CoronaLocalDataRepository.swift in Sources */ = {isa = PBXBuildFile; fileRef = D17A2B3824B015F900EF0B26 /* CoronaLocalDataRepository.swift */; };
		D17A2B3B24B0165D00EF0B26 /* EndpointsData.swift in Sources */ = {isa = PBXBuildFile; fileRef = D17A2B3A24B0165D00EF0B26 /* EndpointsData.swift */; };
		D17A2B3D24B016F100EF0B26 /* EndpointData.swift in Sources */ = {isa = PBXBuildFile; fileRef = D17A2B3C24B016F100EF0B26 /* EndpointData.swift */; };
		D17A2B3F24B01BE700EF0B26 /* Resource.swift in Sources */ = {isa = PBXBuildFile; fileRef = D17A2B3E24B01BE700EF0B26 /* Resource.swift */; };
/* End PBXBuildFile section */

/* Begin PBXFileReference section */
		D15811A224AEC51D00B07C71 /* Endpoint.swift */ = {isa = PBXFileReference; lastKnownFileType = sourcecode.swift; path = Endpoint.swift; sourceTree = "<group>"; };
		D15811A424AEC6E200B07C71 /* EndpointCardData.swift */ = {isa = PBXFileReference; lastKnownFileType = sourcecode.swift; path = EndpointCardData.swift; sourceTree = "<group>"; };
		D15811A624AECB9400B07C71 /* Colors.xcassets */ = {isa = PBXFileReference; lastKnownFileType = folder.assetcatalog; path = Colors.xcassets; sourceTree = "<group>"; };
		D15811A924AED0D400B07C71 /* CoronaApiError.swift */ = {isa = PBXFileReference; lastKnownFileType = sourcecode.swift; path = CoronaApiError.swift; sourceTree = "<group>"; };
		D15811AB24AED13200B07C71 /* CoronaApiService.swift */ = {isa = PBXFileReference; lastKnownFileType = sourcecode.swift; path = CoronaApiService.swift; sourceTree = "<group>"; };
		D15811AD24AED1E300B07C71 /* CoronaEndpoint.swift */ = {isa = PBXFileReference; lastKnownFileType = sourcecode.swift; path = CoronaEndpoint.swift; sourceTree = "<group>"; };
		D163E11124AD030500297AAF /* Coronavirus Tracker.app */ = {isa = PBXFileReference; explicitFileType = wrapper.application; includeInIndex = 0; path = "Coronavirus Tracker.app"; sourceTree = BUILT_PRODUCTS_DIR; };
		D163E11424AD030500297AAF /* AppDelegate.swift */ = {isa = PBXFileReference; lastKnownFileType = sourcecode.swift; path = AppDelegate.swift; sourceTree = "<group>"; };
		D163E11624AD030500297AAF /* SceneDelegate.swift */ = {isa = PBXFileReference; lastKnownFileType = sourcecode.swift; path = SceneDelegate.swift; sourceTree = "<group>"; };
		D163E11824AD030600297AAF /* ContentView.swift */ = {isa = PBXFileReference; lastKnownFileType = sourcecode.swift; path = ContentView.swift; sourceTree = "<group>"; };
		D163E11A24AD032300297AAF /* Assets.xcassets */ = {isa = PBXFileReference; lastKnownFileType = folder.assetcatalog; path = Assets.xcassets; sourceTree = "<group>"; };
		D163E11D24AD032300297AAF /* Preview Assets.xcassets */ = {isa = PBXFileReference; lastKnownFileType = folder.assetcatalog; path = "Preview Assets.xcassets"; sourceTree = "<group>"; };
		D163E12024AD032300297AAF /* Base */ = {isa = PBXFileReference; lastKnownFileType = file.storyboard; name = Base; path = Base.lproj/LaunchScreen.storyboard; sourceTree = "<group>"; };
		D163E12224AD032300297AAF /* Info.plist */ = {isa = PBXFileReference; lastKnownFileType = text.plist.xml; path = Info.plist; sourceTree = "<group>"; };
		D166568C24AD7579009DC2BD /* EndpointCardView.swift */ = {isa = PBXFileReference; lastKnownFileType = sourcecode.swift; path = EndpointCardView.swift; sourceTree = "<group>"; };
		D166568E24AD83D8009DC2BD /* ListUpdatedTextView.swift */ = {isa = PBXFileReference; lastKnownFileType = sourcecode.swift; path = ListUpdatedTextView.swift; sourceTree = "<group>"; };
		D166D8B924B1726C000F0306 /* Date+Conversion.swift */ = {isa = PBXFileReference; lastKnownFileType = sourcecode.swift; path = "Date+Conversion.swift"; sourceTree = "<group>"; };
		D166D8BB24B181B2000F0306 /* ApiKeys.swift */ = {isa = PBXFileReference; lastKnownFileType = sourcecode.swift; path = ApiKeys.swift; sourceTree = "<group>"; };
		D166D8BD24B20D35000F0306 /* BaseModel.swift */ = {isa = PBXFileReference; lastKnownFileType = sourcecode.swift; path = BaseModel.swift; sourceTree = "<group>"; };
		D166D8BF24B20E7A000F0306 /* AccessTokenModel.swift */ = {isa = PBXFileReference; lastKnownFileType = sourcecode.swift; path = AccessTokenModel.swift; sourceTree = "<group>"; };
		D17A2B3624B0157800EF0B26 /* CoronaRemoteDataRepository.swift */ = {isa = PBXFileReference; lastKnownFileType = sourcecode.swift; path = CoronaRemoteDataRepository.swift; sourceTree = "<group>"; };
		D17A2B3824B015F900EF0B26 /* CoronaLocalDataRepository.swift */ = {isa = PBXFileReference; lastKnownFileType = sourcecode.swift; path = CoronaLocalDataRepository.swift; sourceTree = "<group>"; };
		D17A2B3A24B0165D00EF0B26 /* EndpointsData.swift */ = {isa = PBXFileReference; lastKnownFileType = sourcecode.swift; path = EndpointsData.swift; sourceTree = "<group>"; };
		D17A2B3C24B016F100EF0B26 /* EndpointData.swift */ = {isa = PBXFileReference; lastKnownFileType = sourcecode.swift; path = EndpointData.swift; sourceTree = "<group>"; };
		D17A2B3E24B01BE700EF0B26 /* Resource.swift */ = {isa = PBXFileReference; lastKnownFileType = sourcecode.swift; path = Resource.swift; sourceTree = "<group>"; };
/* End PBXFileReference section */

/* Begin PBXFrameworksBuildPhase section */
		D163E10E24AD030500297AAF /* Frameworks */ = {
			isa = PBXFrameworksBuildPhase;
			buildActionMask = 2147483647;
			files = (
			);
			runOnlyForDeploymentPostprocessing = 0;
		};
/* End PBXFrameworksBuildPhase section */

/* Begin PBXGroup section */
		D15811A124AEC4E600B07C71 /* Enums */ = {
			isa = PBXGroup;
			children = (
				D15811A224AEC51D00B07C71 /* Endpoint.swift */,
				D15811A924AED0D400B07C71 /* CoronaApiError.swift */,
				D15811AD24AED1E300B07C71 /* CoronaEndpoint.swift */,
			);
			path = Enums;
			sourceTree = "<group>";
		};
		D15811A824AED09800B07C71 /* Services */ = {
			isa = PBXGroup;
			children = (
				D15811AB24AED13200B07C71 /* CoronaApiService.swift */,
				D166D8BB24B181B2000F0306 /* ApiKeys.swift */,
			);
			path = Services;
			sourceTree = "<group>";
		};
		D163E10824AD030400297AAF = {
			isa = PBXGroup;
			children = (
				D163E11324AD030500297AAF /* Coronavirus Tracker */,
				D163E11224AD030500297AAF /* Products */,
			);
			sourceTree = "<group>";
		};
		D163E11224AD030500297AAF /* Products */ = {
			isa = PBXGroup;
			children = (
				D163E11124AD030500297AAF /* Coronavirus Tracker.app */,
			);
			name = Products;
			sourceTree = "<group>";
		};
		D163E11324AD030500297AAF /* Coronavirus Tracker */ = {
			isa = PBXGroup;
			children = (
				D17A2B4024B030B800EF0B26 /* Extension */,
				D17A2B3524B0155E00EF0B26 /* Repositories */,
				D15811A824AED09800B07C71 /* Services */,
				D15811A124AEC4E600B07C71 /* Enums */,
				D166568B24AD7237009DC2BD /* View Models */,
				D166568A24AD722F009DC2BD /* Models */,
				D166568924AD7222009DC2BD /* Views */,
				D163E11424AD030500297AAF /* AppDelegate.swift */,
				D163E11624AD030500297AAF /* SceneDelegate.swift */,
				D163E11A24AD032300297AAF /* Assets.xcassets */,
				D163E11F24AD032300297AAF /* LaunchScreen.storyboard */,
				D163E12224AD032300297AAF /* Info.plist */,
				D163E11C24AD032300297AAF /* Preview Content */,
				D15811A624AECB9400B07C71 /* Colors.xcassets */,
			);
			path = "Coronavirus Tracker";
			sourceTree = "<group>";
		};
		D163E11C24AD032300297AAF /* Preview Content */ = {
			isa = PBXGroup;
			children = (
				D163E11D24AD032300297AAF /* Preview Assets.xcassets */,
			);
			path = "Preview Content";
			sourceTree = "<group>";
		};
		D166568924AD7222009DC2BD /* Views */ = {
			isa = PBXGroup;
			children = (
				D166568C24AD7579009DC2BD /* EndpointCardView.swift */,
				D166568E24AD83D8009DC2BD /* ListUpdatedTextView.swift */,
				D163E11824AD030600297AAF /* ContentView.swift */,
			);
			path = Views;
			sourceTree = "<group>";
		};
		D166568A24AD722F009DC2BD /* Models */ = {
			isa = PBXGroup;
			children = (
				D15811A424AEC6E200B07C71 /* EndpointCardData.swift */,
				D17A2B3A24B0165D00EF0B26 /* EndpointsData.swift */,
				D17A2B3C24B016F100EF0B26 /* EndpointData.swift */,
				D17A2B3E24B01BE700EF0B26 /* Resource.swift */,
				D166D8BD24B20D35000F0306 /* BaseModel.swift */,
				D166D8BF24B20E7A000F0306 /* AccessTokenModel.swift */,
			);
			path = Models;
			sourceTree = "<group>";
		};
		D166568B24AD7237009DC2BD /* View Models */ = {
			isa = PBXGroup;
			children = (
			);
			path = "View Models";
			sourceTree = "<group>";
		};
		D17A2B3524B0155E00EF0B26 /* Repositories */ = {
			isa = PBXGroup;
			children = (
				D17A2B3624B0157800EF0B26 /* CoronaRemoteDataRepository.swift */,
				D17A2B3824B015F900EF0B26 /* CoronaLocalDataRepository.swift */,
			);
			path = Repositories;
			sourceTree = "<group>";
		};
		D17A2B4024B030B800EF0B26 /* Extension */ = {
			isa = PBXGroup;
			children = (
				D166D8B924B1726C000F0306 /* Date+Conversion.swift */,
			);
			path = Extension;
			sourceTree = "<group>";
		};
/* End PBXGroup section */

/* Begin PBXNativeTarget section */
		D163E11024AD030500297AAF /* Coronavirus Tracker */ = {
			isa = PBXNativeTarget;
			buildConfigurationList = D163E12524AD032300297AAF /* Build configuration list for PBXNativeTarget "Coronavirus Tracker" */;
			buildPhases = (
				D163E10D24AD030500297AAF /* Sources */,
				D163E10E24AD030500297AAF /* Frameworks */,
				D163E10F24AD030500297AAF /* Resources */,
			);
			buildRules = (
			);
			dependencies = (
			);
			name = "Coronavirus Tracker";
			productName = "Coronavirus Tracker";
			productReference = D163E11124AD030500297AAF /* Coronavirus Tracker.app */;
			productType = "com.apple.product-type.application";
		};
/* End PBXNativeTarget section */

/* Begin PBXProject section */
		D163E10924AD030400297AAF /* Project object */ = {
			isa = PBXProject;
			attributes = {
				LastSwiftUpdateCheck = 1150;
				LastUpgradeCheck = 1150;
				ORGANIZATIONNAME = "Vinoth Vino";
				TargetAttributes = {
					D163E11024AD030500297AAF = {
						CreatedOnToolsVersion = 11.5;
					};
				};
			};
			buildConfigurationList = D163E10C24AD030500297AAF /* Build configuration list for PBXProject "Coronavirus Tracker" */;
			compatibilityVersion = "Xcode 9.3";
			developmentRegion = en;
			hasScannedForEncodings = 0;
			knownRegions = (
				en,
				Base,
			);
			mainGroup = D163E10824AD030400297AAF;
			productRefGroup = D163E11224AD030500297AAF /* Products */;
			projectDirPath = "";
			projectRoot = "";
			targets = (
				D163E11024AD030500297AAF /* Coronavirus Tracker */,
			);
		};
/* End PBXProject section */

/* Begin PBXResourcesBuildPhase section */
		D163E10F24AD030500297AAF /* Resources */ = {
			isa = PBXResourcesBuildPhase;
			buildActionMask = 2147483647;
			files = (
				D163E12124AD032300297AAF /* LaunchScreen.storyboard in Resources */,
				D15811A724AECB9400B07C71 /* Colors.xcassets in Resources */,
				D163E11E24AD032300297AAF /* Preview Assets.xcassets in Resources */,
				D163E11B24AD032300297AAF /* Assets.xcassets in Resources */,
			);
			runOnlyForDeploymentPostprocessing = 0;
		};
/* End PBXResourcesBuildPhase section */

/* Begin PBXSourcesBuildPhase section */
		D163E10D24AD030500297AAF /* Sources */ = {
			isa = PBXSourcesBuildPhase;
			buildActionMask = 2147483647;
			files = (
				D166D8BE24B20D35000F0306 /* BaseModel.swift in Sources */,
				D166D8C024B20E7A000F0306 /* AccessTokenModel.swift in Sources */,
				D17A2B3B24B0165D00EF0B26 /* EndpointsData.swift in Sources */,
				D163E11524AD030500297AAF /* AppDelegate.swift in Sources */,
				D17A2B3D24B016F100EF0B26 /* EndpointData.swift in Sources */,
				D17A2B3F24B01BE700EF0B26 /* Resource.swift in Sources */,
				D17A2B3924B015F900EF0B26 /* CoronaLocalDataRepository.swift in Sources */,
				D15811A524AEC6E200B07C71 /* EndpointCardData.swift in Sources */,
				D163E11724AD030500297AAF /* SceneDelegate.swift in Sources */,
				D166568F24AD83D9009DC2BD /* ListUpdatedTextView.swift in Sources */,
				D163E11924AD030600297AAF /* ContentView.swift in Sources */,
				D15811AC24AED13200B07C71 /* CoronaApiService.swift in Sources */,
				D15811AE24AED1E300B07C71 /* CoronaEndpoint.swift in Sources */,
				D166D8BC24B181B2000F0306 /* ApiKeys.swift in Sources */,
				D15811AA24AED0D400B07C71 /* CoronaApiError.swift in Sources */,
				D17A2B3724B0157800EF0B26 /* CoronaRemoteDataRepository.swift in Sources */,
				D15811A324AEC51D00B07C71 /* Endpoint.swift in Sources */,
				D166568D24AD7579009DC2BD /* EndpointCardView.swift in Sources */,
				D166D8BA24B1726C000F0306 /* Date+Conversion.swift in Sources */,
			);
			runOnlyForDeploymentPostprocessing = 0;
		};
/* End PBXSourcesBuildPhase section */

/* Begin PBXVariantGroup section */
		D163E11F24AD032300297AAF /* LaunchScreen.storyboard */ = {
			isa = PBXVariantGroup;
			children = (
				D163E12024AD032300297AAF /* Base */,
			);
			name = LaunchScreen.storyboard;
			sourceTree = "<group>";
		};
/* End PBXVariantGroup section */

/* Begin XCBuildConfiguration section */
		D163E12324AD032300297AAF /* Debug */ = {
			isa = XCBuildConfiguration;
			buildSettings = {
				ALWAYS_SEARCH_USER_PATHS = NO;
				CLANG_ANALYZER_NONNULL = YES;
				CLANG_ANALYZER_NUMBER_OBJECT_CONVERSION = YES_AGGRESSIVE;
				CLANG_CXX_LANGUAGE_STANDARD = "gnu++14";
				CLANG_CXX_LIBRARY = "libc++";
				CLANG_ENABLE_MODULES = YES;
				CLANG_ENABLE_OBJC_ARC = YES;
				CLANG_ENABLE_OBJC_WEAK = YES;
				CLANG_WARN_BLOCK_CAPTURE_AUTORELEASING = YES;
				CLANG_WARN_BOOL_CONVERSION = YES;
				CLANG_WARN_COMMA = YES;
				CLANG_WARN_CONSTANT_CONVERSION = YES;
				CLANG_WARN_DEPRECATED_OBJC_IMPLEMENTATIONS = YES;
				CLANG_WARN_DIRECT_OBJC_ISA_USAGE = YES_ERROR;
				CLANG_WARN_DOCUMENTATION_COMMENTS = YES;
				CLANG_WARN_EMPTY_BODY = YES;
				CLANG_WARN_ENUM_CONVERSION = YES;
				CLANG_WARN_INFINITE_RECURSION = YES;
				CLANG_WARN_INT_CONVERSION = YES;
				CLANG_WARN_NON_LITERAL_NULL_CONVERSION = YES;
				CLANG_WARN_OBJC_IMPLICIT_RETAIN_SELF = YES;
				CLANG_WARN_OBJC_LITERAL_CONVERSION = YES;
				CLANG_WARN_OBJC_ROOT_CLASS = YES_ERROR;
				CLANG_WARN_RANGE_LOOP_ANALYSIS = YES;
				CLANG_WARN_STRICT_PROTOTYPES = YES;
				CLANG_WARN_SUSPICIOUS_MOVE = YES;
				CLANG_WARN_UNGUARDED_AVAILABILITY = YES_AGGRESSIVE;
				CLANG_WARN_UNREACHABLE_CODE = YES;
				CLANG_WARN__DUPLICATE_METHOD_MATCH = YES;
				COPY_PHASE_STRIP = NO;
				DEBUG_INFORMATION_FORMAT = dwarf;
				ENABLE_STRICT_OBJC_MSGSEND = YES;
				ENABLE_TESTABILITY = YES;
				GCC_C_LANGUAGE_STANDARD = gnu11;
				GCC_DYNAMIC_NO_PIC = NO;
				GCC_NO_COMMON_BLOCKS = YES;
				GCC_OPTIMIZATION_LEVEL = 0;
				GCC_PREPROCESSOR_DEFINITIONS = (
					"DEBUG=1",
					"$(inherited)",
				);
				GCC_WARN_64_TO_32_BIT_CONVERSION = YES;
				GCC_WARN_ABOUT_RETURN_TYPE = YES_ERROR;
				GCC_WARN_UNDECLARED_SELECTOR = YES;
				GCC_WARN_UNINITIALIZED_AUTOS = YES_AGGRESSIVE;
				GCC_WARN_UNUSED_FUNCTION = YES;
				GCC_WARN_UNUSED_VARIABLE = YES;
				IPHONEOS_DEPLOYMENT_TARGET = 13.5;
				MTL_ENABLE_DEBUG_INFO = INCLUDE_SOURCE;
				MTL_FAST_MATH = YES;
				ONLY_ACTIVE_ARCH = YES;
				SDKROOT = iphoneos;
				SWIFT_ACTIVE_COMPILATION_CONDITIONS = DEBUG;
				SWIFT_OPTIMIZATION_LEVEL = "-Onone";
			};
			name = Debug;
		};
		D163E12424AD032300297AAF /* Release */ = {
			isa = XCBuildConfiguration;
			buildSettings = {
				ALWAYS_SEARCH_USER_PATHS = NO;
				CLANG_ANALYZER_NONNULL = YES;
				CLANG_ANALYZER_NUMBER_OBJECT_CONVERSION = YES_AGGRESSIVE;
				CLANG_CXX_LANGUAGE_STANDARD = "gnu++14";
				CLANG_CXX_LIBRARY = "libc++";
				CLANG_ENABLE_MODULES = YES;
				CLANG_ENABLE_OBJC_ARC = YES;
				CLANG_ENABLE_OBJC_WEAK = YES;
				CLANG_WARN_BLOCK_CAPTURE_AUTORELEASING = YES;
				CLANG_WARN_BOOL_CONVERSION = YES;
				CLANG_WARN_COMMA = YES;
				CLANG_WARN_CONSTANT_CONVERSION = YES;
				CLANG_WARN_DEPRECATED_OBJC_IMPLEMENTATIONS = YES;
				CLANG_WARN_DIRECT_OBJC_ISA_USAGE = YES_ERROR;
				CLANG_WARN_DOCUMENTATION_COMMENTS = YES;
				CLANG_WARN_EMPTY_BODY = YES;
				CLANG_WARN_ENUM_CONVERSION = YES;
				CLANG_WARN_INFINITE_RECURSION = YES;
				CLANG_WARN_INT_CONVERSION = YES;
				CLANG_WARN_NON_LITERAL_NULL_CONVERSION = YES;
				CLANG_WARN_OBJC_IMPLICIT_RETAIN_SELF = YES;
				CLANG_WARN_OBJC_LITERAL_CONVERSION = YES;
				CLANG_WARN_OBJC_ROOT_CLASS = YES_ERROR;
				CLANG_WARN_RANGE_LOOP_ANALYSIS = YES;
				CLANG_WARN_STRICT_PROTOTYPES = YES;
				CLANG_WARN_SUSPICIOUS_MOVE = YES;
				CLANG_WARN_UNGUARDED_AVAILABILITY = YES_AGGRESSIVE;
				CLANG_WARN_UNREACHABLE_CODE = YES;
				CLANG_WARN__DUPLICATE_METHOD_MATCH = YES;
				COPY_PHASE_STRIP = NO;
				DEBUG_INFORMATION_FORMAT = "dwarf-with-dsym";
				ENABLE_NS_ASSERTIONS = NO;
				ENABLE_STRICT_OBJC_MSGSEND = YES;
				GCC_C_LANGUAGE_STANDARD = gnu11;
				GCC_NO_COMMON_BLOCKS = YES;
				GCC_WARN_64_TO_32_BIT_CONVERSION = YES;
				GCC_WARN_ABOUT_RETURN_TYPE = YES_ERROR;
				GCC_WARN_UNDECLARED_SELECTOR = YES;
				GCC_WARN_UNINITIALIZED_AUTOS = YES_AGGRESSIVE;
				GCC_WARN_UNUSED_FUNCTION = YES;
				GCC_WARN_UNUSED_VARIABLE = YES;
				IPHONEOS_DEPLOYMENT_TARGET = 13.5;
				MTL_ENABLE_DEBUG_INFO = NO;
				MTL_FAST_MATH = YES;
				SDKROOT = iphoneos;
				SWIFT_COMPILATION_MODE = wholemodule;
				SWIFT_OPTIMIZATION_LEVEL = "-O";
				VALIDATE_PRODUCT = YES;
			};
			name = Release;
		};
		D163E12624AD032300297AAF /* Debug */ = {
			isa = XCBuildConfiguration;
			buildSettings = {
				ASSETCATALOG_COMPILER_APPICON_NAME = AppIcon;
				CODE_SIGN_STYLE = Automatic;
				DEVELOPMENT_ASSET_PATHS = "\"Coronavirus Tracker/Preview Content\"";
				DEVELOPMENT_TEAM = HW2VJEFH2M;
				ENABLE_PREVIEWS = YES;
				INFOPLIST_FILE = "Coronavirus Tracker/Info.plist";
				LD_RUNPATH_SEARCH_PATHS = (
					"$(inherited)",
					"@executable_path/Frameworks",
				);
				PRODUCT_BUNDLE_IDENTIFIER = "com.vinothvino.Coronavirus-Tracker";
				PRODUCT_NAME = "$(TARGET_NAME)";
				SWIFT_VERSION = 5.0;
				TARGETED_DEVICE_FAMILY = "1,2";
			};
			name = Debug;
		};
		D163E12724AD032300297AAF /* Release */ = {
			isa = XCBuildConfiguration;
			buildSettings = {
				ASSETCATALOG_COMPILER_APPICON_NAME = AppIcon;
				CODE_SIGN_STYLE = Automatic;
				DEVELOPMENT_ASSET_PATHS = "\"Coronavirus Tracker/Preview Content\"";
				DEVELOPMENT_TEAM = HW2VJEFH2M;
				ENABLE_PREVIEWS = YES;
				INFOPLIST_FILE = "Coronavirus Tracker/Info.plist";
				LD_RUNPATH_SEARCH_PATHS = (
					"$(inherited)",
					"@executable_path/Frameworks",
				);
				PRODUCT_BUNDLE_IDENTIFIER = "com.vinothvino.Coronavirus-Tracker";
				PRODUCT_NAME = "$(TARGET_NAME)";
				SWIFT_VERSION = 5.0;
				TARGETED_DEVICE_FAMILY = "1,2";
			};
			name = Release;
		};
/* End XCBuildConfiguration section */

/* Begin XCConfigurationList section */
		D163E10C24AD030500297AAF /* Build configuration list for PBXProject "Coronavirus Tracker" */ = {
			isa = XCConfigurationList;
			buildConfigurations = (
				D163E12324AD032300297AAF /* Debug */,
				D163E12424AD032300297AAF /* Release */,
			);
			defaultConfigurationIsVisible = 0;
			defaultConfigurationName = Release;
		};
		D163E12524AD032300297AAF /* Build configuration list for PBXNativeTarget "Coronavirus Tracker" */ = {
			isa = XCConfigurationList;
			buildConfigurations = (
				D163E12624AD032300297AAF /* Debug */,
				D163E12724AD032300297AAF /* Release */,
			);
			defaultConfigurationIsVisible = 0;
			defaultConfigurationName = Release;
		};
/* End XCConfigurationList section */
	};
	rootObject = D163E10924AD030400297AAF /* Project object */;
}
